
Microsoft Visual Studio Solution File, Format Version 12.00
# Visual Studio 2012
Project("{FAE04EC0-301F-11D3-BF4B-00C04F79EFBC}") = "aihuhu.framework", "aihuhu.framework\aihuhu.framework.csproj", "{72D1167A-F684-4091-92A0-F22AF1C060E9}"
EndProject
Project("{FAE04EC0-301F-11D3-BF4B-00C04F79EFBC}") = "aihuhu.framework.console.unit", "aihuhu.framework.console.unit\aihuhu.framework.console.unit.csproj", "{47F67960-64C0-400F-A4B4-F778334F6BE2}"
EndProject
Project("{FAE04EC0-301F-11D3-BF4B-00C04F79EFBC}") = "aihuhu.framework.data", "aihuhu.framework.data\aihuhu.framework.data.csproj", "{5ECC33A7-94A7-434F-9F51-3BE587B51B9D}"
EndProject
Project("{FAE04EC0-301F-11D3-BF4B-00C04F79EFBC}") = "aihuhu.framework.data.orm", "aihuhu.framework.data.orm\aihuhu.framework.data.orm.csproj", "{4D9D24B2-CC20-454B-8FC9-6CFF3A74A750}"
EndProject
Project("{FAE04EC0-301F-11D3-BF4B-00C04F79EFBC}") = "aihuhu.framework.web", "aihuhu.framework.web\aihuhu.framework.web.csproj", "{FF2BC411-5B53-4F55-8D85-F097DDD1CA5C}"
EndProject
Project("{FAE04EC0-301F-11D3-BF4B-00C04F79EFBC}") = "aihuhu.framework.admin", "aihuhu.framework.admin\aihuhu.framework.admin.csproj", "{24630CD1-18E4-4313-B1C5-D81BC6A37BC2}"
EndProject
Global
	GlobalSection(SolutionConfigurationPlatforms) = preSolution
		Debug|Any CPU = Debug|Any CPU
		Release|Any CPU = Release|Any CPU
	EndGlobalSection
	GlobalSection(ProjectConfigurationPlatforms) = postSolution
		{72D1167A-F684-4091-92A0-F22AF1C060E9}.Debug|Any CPU.ActiveCfg = Debug|Any CPU
		{72D1167A-F684-4091-92A0-F22AF1C060E9}.Debug|Any CPU.Build.0 = Debug|Any CPU
		{72D1167A-F684-4091-92A0-F22AF1C060E9}.Release|Any CPU.ActiveCfg = Release|Any CPU
		{72D1167A-F684-4091-92A0-F22AF1C060E9}.Release|Any CPU.Build.0 = Release|Any CPU
		{47F67960-64C0-400F-A4B4-F778334F6BE2}.Debug|Any CPU.ActiveCfg = Debug|Any CPU
		{47F67960-64C0-400F-A4B4-F778334F6BE2}.Debug|Any CPU.Build.0 = Debug|Any CPU
		{47F67960-64C0-400F-A4B4-F778334F6BE2}.Release|Any CPU.ActiveCfg = Release|Any CPU
		{47F67960-64C0-400F-A4B4-F778334F6BE2}.Release|Any CPU.Build.0 = Release|Any CPU
		{5ECC33A7-94A7-434F-9F51-3BE587B51B9D}.Debug|Any CPU.ActiveCfg = Debug|Any CPU
		{5ECC33A7-94A7-434F-9F51-3BE587B51B9D}.Debug|Any CPU.Build.0 = Debug|Any CPU
		{5ECC33A7-94A7-434F-9F51-3BE587B51B9D}.Release|Any CPU.ActiveCfg = Release|Any CPU
		{5ECC33A7-94A7-434F-9F51-3BE587B51B9D}.Release|Any CPU.Build.0 = Release|Any CPU
		{4D9D24B2-CC20-454B-8FC9-6CFF3A74A750}.Debug|Any CPU.ActiveCfg = Debug|Any CPU
		{4D9D24B2-CC20-454B-8FC9-6CFF3A74A750}.Debug|Any CPU.Build.0 = Debug|Any CPU
		{4D9D24B2-CC20-454B-8FC9-6CFF3A74A750}.Release|Any CPU.ActiveCfg = Release|Any CPU
		{4D9D24B2-CC20-454B-8FC9-6CFF3A74A750}.Release|Any CPU.Build.0 = Release|Any CPU
		{FF2BC411-5B53-4F55-8D85-F097DDD1CA5C}.Debug|Any CPU.ActiveCfg = Debug|Any CPU
		{FF2BC411-5B53-4F55-8D85-F097DDD1CA5C}.Debug|Any CPU.Build.0 = Debug|Any CPU
		{FF2BC411-5B53-4F55-8D85-F097DDD1CA5C}.Release|Any CPU.ActiveCfg = Release|Any CPU
		{FF2BC411-5B53-4F55-8D85-F097DDD1CA5C}.Release|Any CPU.Build.0 = Release|Any CPU
		{24630CD1-18E4-4313-B1C5-D81BC6A37BC2}.Debug|Any CPU.ActiveCfg = Debug|Any CPU
		{24630CD1-18E4-4313-B1C5-D81BC6A37BC2}.Debug|Any CPU.Build.0 = Debug|Any CPU
		{24630CD1-18E4-4313-B1C5-D81BC6A37BC2}.Release|Any CPU.ActiveCfg = Release|Any CPU
		{24630CD1-18E4-4313-B1C5-D81BC6A37BC2}.Release|Any CPU.Build.0 = Release|Any CPU
	EndGlobalSection
	GlobalSection(SolutionProperties) = preSolution
		HideSolutionNode = FALSE
	EndGlobalSection
EndGlobal
